{
  "version": 4,
  "terraform_version": "1.5.7",
  "serial": 12,
  "lineage": "80820e29-e4f3-f5b2-b5b3-11c5d6ff020b",
  "outputs": {
    "vm_instance_info": {
      "value": {
        "db": {
          "external_ip": "178.154.205.164",
          "fqdn": "netology-develop-platform-db.develop.b1gmh1k0obeopask9hko.internal",
          "instance_name": "netology-develop-platform-db"
        },
        "platform": {
          "external_ip": "51.250.72.10",
          "fqdn": "netology-develop-platform-web.develop.b1gmh1k0obeopask9hko.internal",
          "instance_name": "netology-develop-platform-web"
        }
      },
      "type": [
        "object",
        {
          "db": [
            "object",
            {
              "external_ip": "string",
              "fqdn": "string",
              "instance_name": "string"
            }
          ],
          "platform": [
            "object",
            {
              "external_ip": "string",
              "fqdn": "string",
              "instance_name": "string"
            }
          ]
        }
      ]
    }
  },
  "resources": [
    {
      "mode": "data",
      "type": "yandex_compute_image",
      "name": "ubuntu",
      "provider": "provider[\"registry.terraform.io/yandex-cloud/yandex\"]",
      "instances": [
        {
          "schema_version": 0,
          "attributes": {
            "created_at": "2024-02-05T10:56:53Z",
            "description": "ubuntu 20.04 lts",
            "family": "ubuntu-2004-lts",
            "folder_id": "standard-images",
            "id": "fd8bt3r9v1tq5fq7jcna",
            "image_id": "fd8bt3r9v1tq5fq7jcna",
            "labels": {},
            "min_disk_size": 5,
            "name": "ubuntu-20-04-lts-v20240205",
            "os_type": "linux",
            "pooled": true,
            "product_ids": [
              "f2e3i62q5urr59tkh47s"
            ],
            "size": 4,
            "status": "ready"
          },
          "sensitive_attributes": []
        }
      ]
    },
    {
      "mode": "managed",
      "type": "yandex_compute_instance",
      "name": "db",
      "provider": "provider[\"registry.terraform.io/yandex-cloud/yandex\"]",
      "instances": [
        {
          "schema_version": 1,
          "attributes": {
            "allow_recreate": null,
            "allow_stopping_for_update": null,
            "boot_disk": [
              {
                "auto_delete": true,
                "device_name": "fhmi0c3mutidu2f55jl7",
                "disk_id": "fhmi0c3mutidu2f55jl7",
                "initialize_params": [
                  {
                    "block_size": 4096,
                    "description": "",
                    "image_id": "fd8bt3r9v1tq5fq7jcna",
                    "name": "",
                    "size": 5,
                    "snapshot_id": "",
                    "type": "network-hdd"
                  }
                ],
                "mode": "READ_WRITE"
              }
            ],
            "created_at": "2024-02-18T18:31:49Z",
            "description": "",
            "filesystem": [],
            "folder_id": "b1gmh1k0obeopask9hko",
            "fqdn": "fhmri9g8kivdq2s5i9aq.auto.internal",
            "gpu_cluster_id": "",
            "hostname": "",
            "id": "fhmri9g8kivdq2s5i9aq",
            "labels": null,
            "local_disk": [],
            "maintenance_grace_period": "",
            "maintenance_policy": null,
            "metadata": {
              "serial-port-enable": "1",
              "ssh-keys": "ubuntu:ssh-ed25519 AAAAC3NzaC1lZDI1NTE5AAAAIPS3W9Y/lrgvrOKfqM4ioAxVwmS7FzxxEIEYTYb9rher galchonkov@python-ml"
            },
            "metadata_options": [
              {
                "aws_v1_http_endpoint": 1,
                "aws_v1_http_token": 2,
                "gce_http_endpoint": 1,
                "gce_http_token": 1
              }
            ],
            "name": "netology-develop-platform-db",
            "network_acceleration_type": "standard",
            "network_interface": [
              {
                "dns_record": [],
                "index": 0,
                "ip_address": "10.0.1.29",
                "ipv4": true,
                "ipv6": false,
                "ipv6_address": "",
                "ipv6_dns_record": [],
                "mac_address": "d0:0d:1b:92:60:8a",
                "nat": true,
                "nat_dns_record": [],
                "nat_ip_address": "178.154.205.164",
                "nat_ip_version": "IPV4",
                "security_group_ids": [],
                "subnet_id": "e9b336ffq99v08kgc5dg"
              }
            ],
            "placement_policy": [
              {
                "host_affinity_rules": [],
                "placement_group_id": "",
                "placement_group_partition": 0
              }
            ],
            "platform_id": "standard-v1",
            "resources": [
              {
                "core_fraction": 20,
                "cores": 2,
                "gpus": 0,
                "memory": 2
              }
            ],
            "scheduling_policy": [
              {
                "preemptible": true
              }
            ],
            "secondary_disk": [],
            "service_account_id": "",
            "status": "running",
            "timeouts": null,
            "zone": "ru-central1-a"
          },
          "sensitive_attributes": [],
          "private": "eyJlMmJmYjczMC1lY2FhLTExZTYtOGY4OC0zNDM2M2JjN2M0YzAiOnsiY3JlYXRlIjozMDAwMDAwMDAwMDAsImRlbGV0ZSI6MzAwMDAwMDAwMDAwLCJ1cGRhdGUiOjMwMDAwMDAwMDAwMH0sInNjaGVtYV92ZXJzaW9uIjoiMSJ9",
          "dependencies": [
            "data.yandex_compute_image.ubuntu",
            "yandex_vpc_subnet.develop"
          ]
        }
      ]
    },
    {
      "mode": "managed",
      "type": "yandex_compute_instance",
      "name": "default",
      "provider": "provider[\"registry.terraform.io/yandex-cloud/yandex\"]",
      "instances": [
        {
          "schema_version": 1,
          "attributes": {
            "allow_recreate": null,
            "allow_stopping_for_update": null,
            "boot_disk": [
              {
                "auto_delete": true,
                "device_name": "fhmvmg5ci54hk44o62ft",
                "disk_id": "fhmvmg5ci54hk44o62ft",
                "initialize_params": [
                  {
                    "block_size": 4096,
                    "description": "",
                    "image_id": "fd8bt3r9v1tq5fq7jcna",
                    "name": "",
                    "size": 5,
                    "snapshot_id": "",
                    "type": "network-hdd"
                  }
                ],
                "mode": "READ_WRITE"
              }
            ],
            "created_at": "2024-02-18T18:31:49Z",
            "description": "",
            "filesystem": [],
            "folder_id": "b1gmh1k0obeopask9hko",
            "fqdn": "fhmm36uo9vbo0tmc8e7n.auto.internal",
            "gpu_cluster_id": "",
            "hostname": "",
            "id": "fhmm36uo9vbo0tmc8e7n",
            "labels": null,
            "local_disk": [],
            "maintenance_grace_period": "",
            "maintenance_policy": null,
            "metadata": {
              "serial-port-enable": "1",
              "ssh-keys": "ubuntu:ssh-ed25519 AAAAC3NzaC1lZDI1NTE5AAAAIPS3W9Y/lrgvrOKfqM4ioAxVwmS7FzxxEIEYTYb9rher galchonkov@python-ml"
            },
            "metadata_options": [
              {
                "aws_v1_http_endpoint": 1,
                "aws_v1_http_token": 2,
                "gce_http_endpoint": 1,
                "gce_http_token": 1
              }
            ],
            "name": "netology-develop-platform-web",
            "network_acceleration_type": "standard",
            "network_interface": [
              {
                "dns_record": [],
                "index": 0,
                "ip_address": "10.0.1.27",
                "ipv4": true,
                "ipv6": false,
                "ipv6_address": "",
                "ipv6_dns_record": [],
                "mac_address": "d0:0d:16:19:bd:84",
                "nat": true,
                "nat_dns_record": [],
                "nat_ip_address": "51.250.72.10",
                "nat_ip_version": "IPV4",
                "security_group_ids": [],
                "subnet_id": "e9b336ffq99v08kgc5dg"
              }
            ],
            "placement_policy": [
              {
                "host_affinity_rules": [],
                "placement_group_id": "",
                "placement_group_partition": 0
              }
            ],
            "platform_id": "standard-v1",
            "resources": [
              {
                "core_fraction": 5,
                "cores": 2,
                "gpus": 0,
                "memory": 4
              }
            ],
            "scheduling_policy": [
              {
                "preemptible": true
              }
            ],
            "secondary_disk": [],
            "service_account_id": "",
            "status": "running",
            "timeouts": null,
            "zone": "ru-central1-a"
          },
          "sensitive_attributes": [],
          "private": "eyJlMmJmYjczMC1lY2FhLTExZTYtOGY4OC0zNDM2M2JjN2M0YzAiOnsiY3JlYXRlIjozMDAwMDAwMDAwMDAsImRlbGV0ZSI6MzAwMDAwMDAwMDAwLCJ1cGRhdGUiOjMwMDAwMDAwMDAwMH0sInNjaGVtYV92ZXJzaW9uIjoiMSJ9",
          "dependencies": [
            "data.yandex_compute_image.ubuntu",
            "yandex_vpc_subnet.develop"
          ]
        }
      ]
    },
    {
      "mode": "managed",
      "type": "yandex_vpc_network",
      "name": "develop",
      "provider": "provider[\"registry.terraform.io/yandex-cloud/yandex\"]",
      "instances": [
        {
          "schema_version": 0,
          "attributes": {
            "created_at": "2024-02-18T14:40:22Z",
            "default_security_group_id": "enpc4g6k8nogthhbbbq0",
            "description": "",
            "folder_id": "b1gmh1k0obeopask9hko",
            "id": "enpns596ff477gpaq2ig",
            "labels": {},
            "name": "develop",
            "subnet_ids": [
              "e9b336ffq99v08kgc5dg"
            ],
            "timeouts": null
          },
          "sensitive_attributes": [],
          "private": "eyJlMmJmYjczMC1lY2FhLTExZTYtOGY4OC0zNDM2M2JjN2M0YzAiOnsiY3JlYXRlIjo2MDAwMDAwMDAwMCwiZGVsZXRlIjo2MDAwMDAwMDAwMCwidXBkYXRlIjo2MDAwMDAwMDAwMH19"
        }
      ]
    },
    {
      "mode": "managed",
      "type": "yandex_vpc_subnet",
      "name": "develop",
      "provider": "provider[\"registry.terraform.io/yandex-cloud/yandex\"]",
      "instances": [
        {
          "schema_version": 0,
          "attributes": {
            "created_at": "2024-02-18T14:40:23Z",
            "description": "",
            "dhcp_options": [],
            "folder_id": "b1gmh1k0obeopask9hko",
            "id": "e9b336ffq99v08kgc5dg",
            "labels": {},
            "name": "develop",
            "network_id": "enpns596ff477gpaq2ig",
            "route_table_id": "",
            "timeouts": null,
            "v4_cidr_blocks": [
              "10.0.1.0/24"
            ],
            "v6_cidr_blocks": [],
            "zone": "ru-central1-a"
          },
          "sensitive_attributes": [],
          "private": "eyJlMmJmYjczMC1lY2FhLTExZTYtOGY4OC0zNDM2M2JjN2M0YzAiOnsiY3JlYXRlIjoxODAwMDAwMDAwMDAsImRlbGV0ZSI6MTgwMDAwMDAwMDAwLCJ1cGRhdGUiOjE4MDAwMDAwMDAwMH19",
          "dependencies": [
            "yandex_vpc_network.develop"
          ]
        }
      ]
    }
  ],
  "check_results": null
}
